// !$*UTF8*$!
{
	archiveVersion = 1;
	classes = {
	};
	objectVersion = 56;
	objects = {

/* Begin PBXBuildFile section */
		BAD4722C2AD448BA0021323A /* AppDelegate.swift in Sources */ = {isa = PBXBuildFile; fileRef = BAD4722B2AD448BA0021323A /* AppDelegate.swift */; };
		BAD4722E2AD448BA0021323A /* SceneDelegate.swift in Sources */ = {isa = PBXBuildFile; fileRef = BAD4722D2AD448BA0021323A /* SceneDelegate.swift */; };
		BAD472302AD448BA0021323A /* MainViewController.swift in Sources */ = {isa = PBXBuildFile; fileRef = BAD4722F2AD448BA0021323A /* MainViewController.swift */; };
		BAD472352AD448BC0021323A /* Assets.xcassets in Resources */ = {isa = PBXBuildFile; fileRef = BAD472342AD448BC0021323A /* Assets.xcassets */; };
		BAD472382AD448BC0021323A /* LaunchScreen.storyboard in Resources */ = {isa = PBXBuildFile; fileRef = BAD472362AD448BC0021323A /* LaunchScreen.storyboard */; };
		BAD472402AD44BA40021323A /* SecretKey.plist in Resources */ = {isa = PBXBuildFile; fileRef = BAD4723F2AD44BA40021323A /* SecretKey.plist */; };
		BAD472462AD44C9E0021323A /* TranslatorDTO.swift in Sources */ = {isa = PBXBuildFile; fileRef = BAD472452AD44C9E0021323A /* TranslatorDTO.swift */; };
		BAD472482AD44EFD0021323A /* DecodingManager.swift in Sources */ = {isa = PBXBuildFile; fileRef = BAD472472AD44EFD0021323A /* DecodingManager.swift */; };
		BAD4724B2AD44F370021323A /* DecodingError.swift in Sources */ = {isa = PBXBuildFile; fileRef = BAD4724A2AD44F370021323A /* DecodingError.swift */; };
		BAD4724F2AD4506B0021323A /* NetworkManager.swift in Sources */ = {isa = PBXBuildFile; fileRef = BAD4724E2AD4506B0021323A /* NetworkManager.swift */; };
		BAD472512AD450B00021323A /* APIError.swift in Sources */ = {isa = PBXBuildFile; fileRef = BAD472502AD450B00021323A /* APIError.swift */; };
		BAD472532AD451480021323A /* NetworkConfiguration.swift in Sources */ = {isa = PBXBuildFile; fileRef = BAD472522AD451480021323A /* NetworkConfiguration.swift */; };
		BAD472552AD452370021323A /* KeywordArgument.swift in Sources */ = {isa = PBXBuildFile; fileRef = BAD472542AD452370021323A /* KeywordArgument.swift */; };
		BAD472592AD4563D0021323A /* Languages.swift in Sources */ = {isa = PBXBuildFile; fileRef = BAD472582AD4563D0021323A /* Languages.swift */; };
		BAD472612AD56DD00021323A /* MainViewModel.swift in Sources */ = {isa = PBXBuildFile; fileRef = BAD472602AD56DD00021323A /* MainViewModel.swift */; };
		BAD472632AD56F5B0021323A /* ViewModelType.swift in Sources */ = {isa = PBXBuildFile; fileRef = BAD472622AD56F5B0021323A /* ViewModelType.swift */; };
		BAD472682AD63AA80021323A /* RxBlocking in Frameworks */ = {isa = PBXBuildFile; productRef = BAD472672AD63AA80021323A /* RxBlocking */; };
		BAD4726A2AD63AA80021323A /* RxCocoa in Frameworks */ = {isa = PBXBuildFile; productRef = BAD472692AD63AA80021323A /* RxCocoa */; };
		BAD4726C2AD63AA80021323A /* RxRelay in Frameworks */ = {isa = PBXBuildFile; productRef = BAD4726B2AD63AA80021323A /* RxRelay */; };
		BAD4726E2AD63AA80021323A /* RxSwift in Frameworks */ = {isa = PBXBuildFile; productRef = BAD4726D2AD63AA80021323A /* RxSwift */; };
		BAD472702AD64EB10021323A /* TranslatorRepository.swift in Sources */ = {isa = PBXBuildFile; fileRef = BAD4726F2AD64EB10021323A /* TranslatorRepository.swift */; };
		BAD472722AD6589D0021323A /* LanguageDetectorDTO.swift in Sources */ = {isa = PBXBuildFile; fileRef = BAD472712AD6589D0021323A /* LanguageDetectorDTO.swift */; };
		BAD472762AD710CE0021323A /* ResultViewController.swift in Sources */ = {isa = PBXBuildFile; fileRef = BAD472752AD710CE0021323A /* ResultViewController.swift */; };
		BAD4729C2AD84E110021323A /* LanguagePickerField.swift in Sources */ = {isa = PBXBuildFile; fileRef = BAD4729B2AD84E110021323A /* LanguagePickerField.swift */; };
		BAD472A22AD8E8820021323A /* AlertBuilder.swift in Sources */ = {isa = PBXBuildFile; fileRef = BAD472A12AD8E8820021323A /* AlertBuilder.swift */; };
		BAD472A42AD8F1C90021323A /* TranslateError.swift in Sources */ = {isa = PBXBuildFile; fileRef = BAD472A32AD8F1C90021323A /* TranslateError.swift */; };
		BAD472B52ADAC7E40021323A /* Localizable.strings in Resources */ = {isa = PBXBuildFile; fileRef = BAD472B72ADAC7E40021323A /* Localizable.strings */; };
		BAD472BA2ADAD09B0021323A /* CustomColors.swift in Sources */ = {isa = PBXBuildFile; fileRef = BAD472B92ADAD09B0021323A /* CustomColors.swift */; };
		BAD472BC2ADB94F80021323A /* URLSessionProtocol.swift in Sources */ = {isa = PBXBuildFile; fileRef = BAD472BB2ADB94F80021323A /* URLSessionProtocol.swift */; };
		BAD472CB2ADB9CDD0021323A /* NetworkTexts.swift in Sources */ = {isa = PBXBuildFile; fileRef = BAD472CA2ADB9CDD0021323A /* NetworkTexts.swift */; };
		BAD472CD2ADB9D000021323A /* TestDouble.swift in Sources */ = {isa = PBXBuildFile; fileRef = BAD472CC2ADB9D000021323A /* TestDouble.swift */; };
		BAD472D42ADBAAFE0021323A /* RxBlocking in Frameworks */ = {isa = PBXBuildFile; productRef = BAD472D32ADBAAFE0021323A /* RxBlocking */; };
		BAD472D62ADBAAFE0021323A /* RxCocoa in Frameworks */ = {isa = PBXBuildFile; productRef = BAD472D52ADBAAFE0021323A /* RxCocoa */; };
		BAD472D82ADBAAFE0021323A /* RxRelay in Frameworks */ = {isa = PBXBuildFile; productRef = BAD472D72ADBAAFE0021323A /* RxRelay */; };
		BAD472DA2ADBAAFE0021323A /* RxSwift in Frameworks */ = {isa = PBXBuildFile; productRef = BAD472D92ADBAAFE0021323A /* RxSwift */; };
		BAD472DC2ADBACC40021323A /* URLSessionDataTaskProtocol.swift in Sources */ = {isa = PBXBuildFile; fileRef = BAD472DB2ADBACC40021323A /* URLSessionDataTaskProtocol.swift */; };
		BAD472DF2ADBB52B0021323A /* ViewModelTest.swift in Sources */ = {isa = PBXBuildFile; fileRef = BAD472DE2ADBB52B0021323A /* ViewModelTest.swift */; };
		BAD472E32ADBBB720021323A /* ResultViewModel.swift in Sources */ = {isa = PBXBuildFile; fileRef = BAD472E22ADBBB720021323A /* ResultViewModel.swift */; };
/* End PBXBuildFile section */

/* Begin PBXContainerItemProxy section */
		BAD472C52ADB9CBD0021323A /* PBXContainerItemProxy */ = {
			isa = PBXContainerItemProxy;
			containerPortal = BAD472202AD448BA0021323A /* Project object */;
			proxyType = 1;
			remoteGlobalIDString = BAD472272AD448BA0021323A;
			remoteInfo = TranslateApp;
		};
/* End PBXContainerItemProxy section */

/* Begin PBXFileReference section */
		BAD472282AD448BA0021323A /* TranslateApp.app */ = {isa = PBXFileReference; explicitFileType = wrapper.application; includeInIndex = 0; path = TranslateApp.app; sourceTree = BUILT_PRODUCTS_DIR; };
		BAD4722B2AD448BA0021323A /* AppDelegate.swift */ = {isa = PBXFileReference; lastKnownFileType = sourcecode.swift; path = AppDelegate.swift; sourceTree = "<group>"; };
		BAD4722D2AD448BA0021323A /* SceneDelegate.swift */ = {isa = PBXFileReference; lastKnownFileType = sourcecode.swift; path = SceneDelegate.swift; sourceTree = "<group>"; };
		BAD4722F2AD448BA0021323A /* MainViewController.swift */ = {isa = PBXFileReference; lastKnownFileType = sourcecode.swift; path = MainViewController.swift; sourceTree = "<group>"; };
		BAD472342AD448BC0021323A /* Assets.xcassets */ = {isa = PBXFileReference; lastKnownFileType = folder.assetcatalog; path = Assets.xcassets; sourceTree = "<group>"; };
		BAD472372AD448BC0021323A /* Base */ = {isa = PBXFileReference; lastKnownFileType = file.storyboard; name = Base; path = Base.lproj/LaunchScreen.storyboard; sourceTree = "<group>"; };
		BAD472392AD448BC0021323A /* Info.plist */ = {isa = PBXFileReference; lastKnownFileType = text.plist.xml; path = Info.plist; sourceTree = "<group>"; };
		BAD4723F2AD44BA40021323A /* SecretKey.plist */ = {isa = PBXFileReference; lastKnownFileType = text.plist.xml; path = SecretKey.plist; sourceTree = "<group>"; };
		BAD472452AD44C9E0021323A /* TranslatorDTO.swift */ = {isa = PBXFileReference; lastKnownFileType = sourcecode.swift; path = TranslatorDTO.swift; sourceTree = "<group>"; };
		BAD472472AD44EFD0021323A /* DecodingManager.swift */ = {isa = PBXFileReference; lastKnownFileType = sourcecode.swift; path = DecodingManager.swift; sourceTree = "<group>"; };
		BAD4724A2AD44F370021323A /* DecodingError.swift */ = {isa = PBXFileReference; lastKnownFileType = sourcecode.swift; path = DecodingError.swift; sourceTree = "<group>"; };
		BAD4724E2AD4506B0021323A /* NetworkManager.swift */ = {isa = PBXFileReference; lastKnownFileType = sourcecode.swift; path = NetworkManager.swift; sourceTree = "<group>"; };
		BAD472502AD450B00021323A /* APIError.swift */ = {isa = PBXFileReference; lastKnownFileType = sourcecode.swift; path = APIError.swift; sourceTree = "<group>"; };
		BAD472522AD451480021323A /* NetworkConfiguration.swift */ = {isa = PBXFileReference; lastKnownFileType = sourcecode.swift; path = NetworkConfiguration.swift; sourceTree = "<group>"; };
		BAD472542AD452370021323A /* KeywordArgument.swift */ = {isa = PBXFileReference; lastKnownFileType = sourcecode.swift; path = KeywordArgument.swift; sourceTree = "<group>"; };
		BAD472582AD4563D0021323A /* Languages.swift */ = {isa = PBXFileReference; lastKnownFileType = sourcecode.swift; path = Languages.swift; sourceTree = "<group>"; };
		BAD472602AD56DD00021323A /* MainViewModel.swift */ = {isa = PBXFileReference; lastKnownFileType = sourcecode.swift; path = MainViewModel.swift; sourceTree = "<group>"; };
		BAD472622AD56F5B0021323A /* ViewModelType.swift */ = {isa = PBXFileReference; lastKnownFileType = sourcecode.swift; path = ViewModelType.swift; sourceTree = "<group>"; };
		BAD4726F2AD64EB10021323A /* TranslatorRepository.swift */ = {isa = PBXFileReference; lastKnownFileType = sourcecode.swift; path = TranslatorRepository.swift; sourceTree = "<group>"; };
		BAD472712AD6589D0021323A /* LanguageDetectorDTO.swift */ = {isa = PBXFileReference; lastKnownFileType = sourcecode.swift; path = LanguageDetectorDTO.swift; sourceTree = "<group>"; };
		BAD472752AD710CE0021323A /* ResultViewController.swift */ = {isa = PBXFileReference; lastKnownFileType = sourcecode.swift; path = ResultViewController.swift; sourceTree = "<group>"; };
		BAD4729B2AD84E110021323A /* LanguagePickerField.swift */ = {isa = PBXFileReference; lastKnownFileType = sourcecode.swift; path = LanguagePickerField.swift; sourceTree = "<group>"; };
		BAD472A12AD8E8820021323A /* AlertBuilder.swift */ = {isa = PBXFileReference; lastKnownFileType = sourcecode.swift; path = AlertBuilder.swift; sourceTree = "<group>"; };
		BAD472A32AD8F1C90021323A /* TranslateError.swift */ = {isa = PBXFileReference; lastKnownFileType = sourcecode.swift; path = TranslateError.swift; sourceTree = "<group>"; };
		BAD472B62ADAC7E40021323A /* en */ = {isa = PBXFileReference; lastKnownFileType = text.plist.strings; name = en; path = en.lproj/Localizable.strings; sourceTree = "<group>"; };
		BAD472B82ADAC81F0021323A /* ko */ = {isa = PBXFileReference; lastKnownFileType = text.plist.strings; name = ko; path = ko.lproj/Localizable.strings; sourceTree = "<group>"; };
		BAD472B92ADAD09B0021323A /* CustomColors.swift */ = {isa = PBXFileReference; lastKnownFileType = sourcecode.swift; path = CustomColors.swift; sourceTree = "<group>"; };
		BAD472BB2ADB94F80021323A /* URLSessionProtocol.swift */ = {isa = PBXFileReference; lastKnownFileType = sourcecode.swift; path = URLSessionProtocol.swift; sourceTree = "<group>"; };
		BAD472C12ADB9CBD0021323A /* TranslateAppTests.xctest */ = {isa = PBXFileReference; explicitFileType = wrapper.cfbundle; includeInIndex = 0; path = TranslateAppTests.xctest; sourceTree = BUILT_PRODUCTS_DIR; };
		BAD472CA2ADB9CDD0021323A /* NetworkTexts.swift */ = {isa = PBXFileReference; lastKnownFileType = sourcecode.swift; path = NetworkTexts.swift; sourceTree = "<group>"; };
		BAD472CC2ADB9D000021323A /* TestDouble.swift */ = {isa = PBXFileReference; lastKnownFileType = sourcecode.swift; path = TestDouble.swift; sourceTree = "<group>"; };
		BAD472DB2ADBACC40021323A /* URLSessionDataTaskProtocol.swift */ = {isa = PBXFileReference; lastKnownFileType = sourcecode.swift; path = URLSessionDataTaskProtocol.swift; sourceTree = "<group>"; };
		BAD472DD2ADBB4700021323A /* TranslateApp.xctestplan */ = {isa = PBXFileReference; lastKnownFileType = text; path = TranslateApp.xctestplan; sourceTree = "<group>"; };
		BAD472DE2ADBB52B0021323A /* ViewModelTest.swift */ = {isa = PBXFileReference; lastKnownFileType = sourcecode.swift; path = ViewModelTest.swift; sourceTree = "<group>"; };
		BAD472E22ADBBB720021323A /* ResultViewModel.swift */ = {isa = PBXFileReference; lastKnownFileType = sourcecode.swift; path = ResultViewModel.swift; sourceTree = "<group>"; };
/* End PBXFileReference section */

/* Begin PBXFrameworksBuildPhase section */
		BAD472252AD448BA0021323A /* Frameworks */ = {
			isa = PBXFrameworksBuildPhase;
			buildActionMask = 2147483647;
			files = (
				BAD4726C2AD63AA80021323A /* RxRelay in Frameworks */,
				BAD4726A2AD63AA80021323A /* RxCocoa in Frameworks */,
				BAD4726E2AD63AA80021323A /* RxSwift in Frameworks */,
				BAD472682AD63AA80021323A /* RxBlocking in Frameworks */,
			);
			runOnlyForDeploymentPostprocessing = 0;
		};
		BAD472BE2ADB9CBD0021323A /* Frameworks */ = {
			isa = PBXFrameworksBuildPhase;
			buildActionMask = 2147483647;
			files = (
				BAD472D82ADBAAFE0021323A /* RxRelay in Frameworks */,
				BAD472D62ADBAAFE0021323A /* RxCocoa in Frameworks */,
				BAD472DA2ADBAAFE0021323A /* RxSwift in Frameworks */,
				BAD472D42ADBAAFE0021323A /* RxBlocking in Frameworks */,
			);
			runOnlyForDeploymentPostprocessing = 0;
		};
/* End PBXFrameworksBuildPhase section */

/* Begin PBXGroup section */
		BAD4721F2AD448BA0021323A = {
			isa = PBXGroup;
			children = (
				BAD4722A2AD448BA0021323A /* TranslateApp */,
				BAD472C22ADB9CBD0021323A /* TranslateAppTests */,
				BAD472292AD448BA0021323A /* Products */,
				BAD472D22ADBAAFE0021323A /* Frameworks */,
			);
			sourceTree = "<group>";
		};
		BAD472292AD448BA0021323A /* Products */ = {
			isa = PBXGroup;
			children = (
				BAD472282AD448BA0021323A /* TranslateApp.app */,
				BAD472C12ADB9CBD0021323A /* TranslateAppTests.xctest */,
			);
			name = Products;
			sourceTree = "<group>";
		};
		BAD4722A2AD448BA0021323A /* TranslateApp */ = {
			isa = PBXGroup;
			children = (
				BAD472B72ADAC7E40021323A /* Localizable.strings */,
				BAD472412AD44C3E0021323A /* App */,
				BAD472422AD44C470021323A /* Network */,
				BAD472432AD44C540021323A /* Model */,
				BAD4724D2AD44F6B0021323A /* Utility */,
				BAD472492AD44F180021323A /* Error */,
				BAD4729E2AD852750021323A /* Presentation */,
				BAD4729D2AD852570021323A /* Resource */,
				BAD472392AD448BC0021323A /* Info.plist */,
				BAD4723F2AD44BA40021323A /* SecretKey.plist */,
			);
			path = TranslateApp;
			sourceTree = "<group>";
		};
		BAD472412AD44C3E0021323A /* App */ = {
			isa = PBXGroup;
			children = (
				BAD4722B2AD448BA0021323A /* AppDelegate.swift */,
				BAD4722D2AD448BA0021323A /* SceneDelegate.swift */,
			);
			path = App;
			sourceTree = "<group>";
		};
		BAD472422AD44C470021323A /* Network */ = {
			isa = PBXGroup;
			children = (
				BAD4724E2AD4506B0021323A /* NetworkManager.swift */,
				BAD472522AD451480021323A /* NetworkConfiguration.swift */,
				BAD472BB2ADB94F80021323A /* URLSessionProtocol.swift */,
				BAD472DB2ADBACC40021323A /* URLSessionDataTaskProtocol.swift */,
			);
			path = Network;
			sourceTree = "<group>";
		};
		BAD472432AD44C540021323A /* Model */ = {
			isa = PBXGroup;
			children = (
				BAD472442AD44C8F0021323A /* DTO */,
				BAD4726F2AD64EB10021323A /* TranslatorRepository.swift */,
			);
			path = Model;
			sourceTree = "<group>";
		};
		BAD472442AD44C8F0021323A /* DTO */ = {
			isa = PBXGroup;
			children = (
				BAD472452AD44C9E0021323A /* TranslatorDTO.swift */,
				BAD472712AD6589D0021323A /* LanguageDetectorDTO.swift */,
			);
			path = DTO;
			sourceTree = "<group>";
		};
		BAD472492AD44F180021323A /* Error */ = {
			isa = PBXGroup;
			children = (
				BAD4724A2AD44F370021323A /* DecodingError.swift */,
				BAD472502AD450B00021323A /* APIError.swift */,
				BAD472A32AD8F1C90021323A /* TranslateError.swift */,
			);
			path = Error;
			sourceTree = "<group>";
		};
		BAD4724C2AD44F460021323A /* View */ = {
			isa = PBXGroup;
			children = (
				BAD472622AD56F5B0021323A /* ViewModelType.swift */,
				BAD4729F2AD852CC0021323A /* Main */,
				BAD472A02AD852DD0021323A /* Result */,
			);
			path = View;
			sourceTree = "<group>";
		};
		BAD4724D2AD44F6B0021323A /* Utility */ = {
			isa = PBXGroup;
			children = (
				BAD472472AD44EFD0021323A /* DecodingManager.swift */,
				BAD472582AD4563D0021323A /* Languages.swift */,
				BAD472542AD452370021323A /* KeywordArgument.swift */,
				BAD472A12AD8E8820021323A /* AlertBuilder.swift */,
				BAD472B92ADAD09B0021323A /* CustomColors.swift */,
			);
			path = Utility;
			sourceTree = "<group>";
		};
		BAD4729D2AD852570021323A /* Resource */ = {
			isa = PBXGroup;
			children = (
				BAD472342AD448BC0021323A /* Assets.xcassets */,
				BAD472362AD448BC0021323A /* LaunchScreen.storyboard */,
			);
			path = Resource;
			sourceTree = "<group>";
		};
		BAD4729E2AD852750021323A /* Presentation */ = {
			isa = PBXGroup;
			children = (
				BAD4724C2AD44F460021323A /* View */,
			);
			path = Presentation;
			sourceTree = "<group>";
		};
		BAD4729F2AD852CC0021323A /* Main */ = {
			isa = PBXGroup;
			children = (
				BAD472602AD56DD00021323A /* MainViewModel.swift */,
				BAD4722F2AD448BA0021323A /* MainViewController.swift */,
				BAD4729B2AD84E110021323A /* LanguagePickerField.swift */,
			);
			path = Main;
			sourceTree = "<group>";
		};
		BAD472A02AD852DD0021323A /* Result */ = {
			isa = PBXGroup;
			children = (
				BAD472E22ADBBB720021323A /* ResultViewModel.swift */,
				BAD472752AD710CE0021323A /* ResultViewController.swift */,
			);
			path = Result;
			sourceTree = "<group>";
		};
		BAD472C22ADB9CBD0021323A /* TranslateAppTests */ = {
			isa = PBXGroup;
			children = (
				BAD472DD2ADBB4700021323A /* TranslateApp.xctestplan */,
				BAD472CA2ADB9CDD0021323A /* NetworkTexts.swift */,
				BAD472DE2ADBB52B0021323A /* ViewModelTest.swift */,
				BAD472CC2ADB9D000021323A /* TestDouble.swift */,
			);
			path = TranslateAppTests;
			sourceTree = "<group>";
		};
		BAD472D22ADBAAFE0021323A /* Frameworks */ = {
			isa = PBXGroup;
			children = (
			);
			name = Frameworks;
			sourceTree = "<group>";
		};
/* End PBXGroup section */

/* Begin PBXNativeTarget section */
		BAD472272AD448BA0021323A /* TranslateApp */ = {
			isa = PBXNativeTarget;
			buildConfigurationList = BAD4723C2AD448BC0021323A /* Build configuration list for PBXNativeTarget "TranslateApp" */;
			buildPhases = (
				BAD472242AD448BA0021323A /* Sources */,
				BAD472252AD448BA0021323A /* Frameworks */,
				BAD472262AD448BA0021323A /* Resources */,
			);
			buildRules = (
			);
			dependencies = (
			);
			name = TranslateApp;
			packageProductDependencies = (
				BAD472672AD63AA80021323A /* RxBlocking */,
				BAD472692AD63AA80021323A /* RxCocoa */,
				BAD4726B2AD63AA80021323A /* RxRelay */,
				BAD4726D2AD63AA80021323A /* RxSwift */,
			);
			productName = TranslateApp;
			productReference = BAD472282AD448BA0021323A /* TranslateApp.app */;
			productType = "com.apple.product-type.application";
		};
		BAD472C02ADB9CBD0021323A /* TranslateAppTests */ = {
			isa = PBXNativeTarget;
			buildConfigurationList = BAD472C72ADB9CBD0021323A /* Build configuration list for PBXNativeTarget "TranslateAppTests" */;
			buildPhases = (
				BAD472BD2ADB9CBD0021323A /* Sources */,
				BAD472BE2ADB9CBD0021323A /* Frameworks */,
				BAD472BF2ADB9CBD0021323A /* Resources */,
			);
			buildRules = (
			);
			dependencies = (
				BAD472C62ADB9CBD0021323A /* PBXTargetDependency */,
			);
			name = TranslateAppTests;
			packageProductDependencies = (
				BAD472D32ADBAAFE0021323A /* RxBlocking */,
				BAD472D52ADBAAFE0021323A /* RxCocoa */,
				BAD472D72ADBAAFE0021323A /* RxRelay */,
				BAD472D92ADBAAFE0021323A /* RxSwift */,
			);
			productName = TranslateAppTests;
			productReference = BAD472C12ADB9CBD0021323A /* TranslateAppTests.xctest */;
			productType = "com.apple.product-type.bundle.unit-test";
		};
/* End PBXNativeTarget section */

/* Begin PBXProject section */
		BAD472202AD448BA0021323A /* Project object */ = {
			isa = PBXProject;
			attributes = {
				BuildIndependentTargetsInParallel = 1;
				LastSwiftUpdateCheck = 1430;
				LastUpgradeCheck = 1430;
				TargetAttributes = {
					BAD472272AD448BA0021323A = {
						CreatedOnToolsVersion = 14.3.1;
					};
					BAD472C02ADB9CBD0021323A = {
						CreatedOnToolsVersion = 14.3.1;
						TestTargetID = BAD472272AD448BA0021323A;
					};
				};
			};
			buildConfigurationList = BAD472232AD448BA0021323A /* Build configuration list for PBXProject "TranslateApp" */;
			compatibilityVersion = "Xcode 14.0";
			developmentRegion = en;
			hasScannedForEncodings = 0;
			knownRegions = (
				en,
				Base,
				ko,
			);
			mainGroup = BAD4721F2AD448BA0021323A;
			packageReferences = (
				BAD472662AD63AA80021323A /* XCRemoteSwiftPackageReference "RxSwift" */,
			);
			productRefGroup = BAD472292AD448BA0021323A /* Products */;
			projectDirPath = "";
			projectRoot = "";
			targets = (
				BAD472272AD448BA0021323A /* TranslateApp */,
				BAD472C02ADB9CBD0021323A /* TranslateAppTests */,
			);
		};
/* End PBXProject section */

/* Begin PBXResourcesBuildPhase section */
		BAD472262AD448BA0021323A /* Resources */ = {
			isa = PBXResourcesBuildPhase;
			buildActionMask = 2147483647;
			files = (
				BAD472382AD448BC0021323A /* LaunchScreen.storyboard in Resources */,
				BAD472B52ADAC7E40021323A /* Localizable.strings in Resources */,
				BAD472402AD44BA40021323A /* SecretKey.plist in Resources */,
				BAD472352AD448BC0021323A /* Assets.xcassets in Resources */,
			);
			runOnlyForDeploymentPostprocessing = 0;
		};
		BAD472BF2ADB9CBD0021323A /* Resources */ = {
			isa = PBXResourcesBuildPhase;
			buildActionMask = 2147483647;
			files = (
			);
			runOnlyForDeploymentPostprocessing = 0;
		};
/* End PBXResourcesBuildPhase section */

/* Begin PBXSourcesBuildPhase section */
		BAD472242AD448BA0021323A /* Sources */ = {
			isa = PBXSourcesBuildPhase;
			buildActionMask = 2147483647;
			files = (
				BAD472DC2ADBACC40021323A /* URLSessionDataTaskProtocol.swift in Sources */,
				BAD472552AD452370021323A /* KeywordArgument.swift in Sources */,
				BAD472462AD44C9E0021323A /* TranslatorDTO.swift in Sources */,
				BAD472302AD448BA0021323A /* MainViewController.swift in Sources */,
				BAD472612AD56DD00021323A /* MainViewModel.swift in Sources */,
				BAD472A22AD8E8820021323A /* AlertBuilder.swift in Sources */,
				BAD4722C2AD448BA0021323A /* AppDelegate.swift in Sources */,
				BAD472592AD4563D0021323A /* Languages.swift in Sources */,
				BAD4724F2AD4506B0021323A /* NetworkManager.swift in Sources */,
				BAD4724B2AD44F370021323A /* DecodingError.swift in Sources */,
				BAD472702AD64EB10021323A /* TranslatorRepository.swift in Sources */,
				BAD472722AD6589D0021323A /* LanguageDetectorDTO.swift in Sources */,
				BAD472532AD451480021323A /* NetworkConfiguration.swift in Sources */,
				BAD472512AD450B00021323A /* APIError.swift in Sources */,
				BAD472632AD56F5B0021323A /* ViewModelType.swift in Sources */,
				BAD472BA2ADAD09B0021323A /* CustomColors.swift in Sources */,
				BAD472BC2ADB94F80021323A /* URLSessionProtocol.swift in Sources */,
				BAD472482AD44EFD0021323A /* DecodingManager.swift in Sources */,
				BAD472E32ADBBB720021323A /* ResultViewModel.swift in Sources */,
				BAD4722E2AD448BA0021323A /* SceneDelegate.swift in Sources */,
				BAD4729C2AD84E110021323A /* LanguagePickerField.swift in Sources */,
				BAD472762AD710CE0021323A /* ResultViewController.swift in Sources */,
				BAD472A42AD8F1C90021323A /* TranslateError.swift in Sources */,
			);
			runOnlyForDeploymentPostprocessing = 0;
		};
		BAD472BD2ADB9CBD0021323A /* Sources */ = {
			isa = PBXSourcesBuildPhase;
			buildActionMask = 2147483647;
			files = (
				BAD472CD2ADB9D000021323A /* TestDouble.swift in Sources */,
				BAD472DF2ADBB52B0021323A /* ViewModelTest.swift in Sources */,
				BAD472CB2ADB9CDD0021323A /* NetworkTexts.swift in Sources */,
			);
			runOnlyForDeploymentPostprocessing = 0;
		};
/* End PBXSourcesBuildPhase section */

/* Begin PBXTargetDependency section */
		BAD472C62ADB9CBD0021323A /* PBXTargetDependency */ = {
			isa = PBXTargetDependency;
			target = BAD472272AD448BA0021323A /* TranslateApp */;
			targetProxy = BAD472C52ADB9CBD0021323A /* PBXContainerItemProxy */;
		};
/* End PBXTargetDependency section */

/* Begin PBXVariantGroup section */
		BAD472362AD448BC0021323A /* LaunchScreen.storyboard */ = {
			isa = PBXVariantGroup;
			children = (
				BAD472372AD448BC0021323A /* Base */,
			);
			name = LaunchScreen.storyboard;
			sourceTree = "<group>";
		};
		BAD472B72ADAC7E40021323A /* Localizable.strings */ = {
			isa = PBXVariantGroup;
			children = (
				BAD472B62ADAC7E40021323A /* en */,
				BAD472B82ADAC81F0021323A /* ko */,
			);
			name = Localizable.strings;
			sourceTree = "<group>";
		};
/* End PBXVariantGroup section */

/* Begin XCBuildConfiguration section */
		BAD4723A2AD448BC0021323A /* Debug */ = {
			isa = XCBuildConfiguration;
			buildSettings = {
				ALWAYS_SEARCH_USER_PATHS = NO;
				CLANG_ANALYZER_LOCALIZABILITY_NONLOCALIZED = YES;
				CLANG_ANALYZER_NONNULL = YES;
				CLANG_ANALYZER_NUMBER_OBJECT_CONVERSION = YES_AGGRESSIVE;
				CLANG_CXX_LANGUAGE_STANDARD = "gnu++20";
				CLANG_ENABLE_MODULES = YES;
				CLANG_ENABLE_OBJC_ARC = YES;
				CLANG_ENABLE_OBJC_WEAK = YES;
				CLANG_WARN_BLOCK_CAPTURE_AUTORELEASING = YES;
				CLANG_WARN_BOOL_CONVERSION = YES;
				CLANG_WARN_COMMA = YES;
				CLANG_WARN_CONSTANT_CONVERSION = YES;
				CLANG_WARN_DEPRECATED_OBJC_IMPLEMENTATIONS = YES;
				CLANG_WARN_DIRECT_OBJC_ISA_USAGE = YES_ERROR;
				CLANG_WARN_DOCUMENTATION_COMMENTS = YES;
				CLANG_WARN_EMPTY_BODY = YES;
				CLANG_WARN_ENUM_CONVERSION = YES;
				CLANG_WARN_INFINITE_RECURSION = YES;
				CLANG_WARN_INT_CONVERSION = YES;
				CLANG_WARN_NON_LITERAL_NULL_CONVERSION = YES;
				CLANG_WARN_OBJC_IMPLICIT_RETAIN_SELF = YES;
				CLANG_WARN_OBJC_LITERAL_CONVERSION = YES;
				CLANG_WARN_OBJC_ROOT_CLASS = YES_ERROR;
				CLANG_WARN_QUOTED_INCLUDE_IN_FRAMEWORK_HEADER = YES;
				CLANG_WARN_RANGE_LOOP_ANALYSIS = YES;
				CLANG_WARN_STRICT_PROTOTYPES = YES;
				CLANG_WARN_SUSPICIOUS_MOVE = YES;
				CLANG_WARN_UNGUARDED_AVAILABILITY = YES_AGGRESSIVE;
				CLANG_WARN_UNREACHABLE_CODE = YES;
				CLANG_WARN__DUPLICATE_METHOD_MATCH = YES;
				COPY_PHASE_STRIP = NO;
				DEBUG_INFORMATION_FORMAT = dwarf;
				ENABLE_STRICT_OBJC_MSGSEND = YES;
				ENABLE_TESTABILITY = YES;
				GCC_C_LANGUAGE_STANDARD = gnu11;
				GCC_DYNAMIC_NO_PIC = NO;
				GCC_NO_COMMON_BLOCKS = YES;
				GCC_OPTIMIZATION_LEVEL = 0;
				GCC_PREPROCESSOR_DEFINITIONS = (
					"DEBUG=1",
					"$(inherited)",
				);
				GCC_WARN_64_TO_32_BIT_CONVERSION = YES;
				GCC_WARN_ABOUT_RETURN_TYPE = YES_ERROR;
				GCC_WARN_UNDECLARED_SELECTOR = YES;
				GCC_WARN_UNINITIALIZED_AUTOS = YES_AGGRESSIVE;
				GCC_WARN_UNUSED_FUNCTION = YES;
				GCC_WARN_UNUSED_VARIABLE = YES;
				IPHONEOS_DEPLOYMENT_TARGET = 16.4;
				MTL_ENABLE_DEBUG_INFO = INCLUDE_SOURCE;
				MTL_FAST_MATH = YES;
				ONLY_ACTIVE_ARCH = YES;
				SDKROOT = iphoneos;
				SWIFT_ACTIVE_COMPILATION_CONDITIONS = DEBUG;
				SWIFT_OPTIMIZATION_LEVEL = "-Onone";
			};
			name = Debug;
		};
		BAD4723B2AD448BC0021323A /* Release */ = {
			isa = XCBuildConfiguration;
			buildSettings = {
				ALWAYS_SEARCH_USER_PATHS = NO;
				CLANG_ANALYZER_LOCALIZABILITY_NONLOCALIZED = YES;
				CLANG_ANALYZER_NONNULL = YES;
				CLANG_ANALYZER_NUMBER_OBJECT_CONVERSION = YES_AGGRESSIVE;
				CLANG_CXX_LANGUAGE_STANDARD = "gnu++20";
				CLANG_ENABLE_MODULES = YES;
				CLANG_ENABLE_OBJC_ARC = YES;
				CLANG_ENABLE_OBJC_WEAK = YES;
				CLANG_WARN_BLOCK_CAPTURE_AUTORELEASING = YES;
				CLANG_WARN_BOOL_CONVERSION = YES;
				CLANG_WARN_COMMA = YES;
				CLANG_WARN_CONSTANT_CONVERSION = YES;
				CLANG_WARN_DEPRECATED_OBJC_IMPLEMENTATIONS = YES;
				CLANG_WARN_DIRECT_OBJC_ISA_USAGE = YES_ERROR;
				CLANG_WARN_DOCUMENTATION_COMMENTS = YES;
				CLANG_WARN_EMPTY_BODY = YES;
				CLANG_WARN_ENUM_CONVERSION = YES;
				CLANG_WARN_INFINITE_RECURSION = YES;
				CLANG_WARN_INT_CONVERSION = YES;
				CLANG_WARN_NON_LITERAL_NULL_CONVERSION = YES;
				CLANG_WARN_OBJC_IMPLICIT_RETAIN_SELF = YES;
				CLANG_WARN_OBJC_LITERAL_CONVERSION = YES;
				CLANG_WARN_OBJC_ROOT_CLASS = YES_ERROR;
				CLANG_WARN_QUOTED_INCLUDE_IN_FRAMEWORK_HEADER = YES;
				CLANG_WARN_RANGE_LOOP_ANALYSIS = YES;
				CLANG_WARN_STRICT_PROTOTYPES = YES;
				CLANG_WARN_SUSPICIOUS_MOVE = YES;
				CLANG_WARN_UNGUARDED_AVAILABILITY = YES_AGGRESSIVE;
				CLANG_WARN_UNREACHABLE_CODE = YES;
				CLANG_WARN__DUPLICATE_METHOD_MATCH = YES;
				COPY_PHASE_STRIP = NO;
				DEBUG_INFORMATION_FORMAT = "dwarf-with-dsym";
				ENABLE_NS_ASSERTIONS = NO;
				ENABLE_STRICT_OBJC_MSGSEND = YES;
				GCC_C_LANGUAGE_STANDARD = gnu11;
				GCC_NO_COMMON_BLOCKS = YES;
				GCC_WARN_64_TO_32_BIT_CONVERSION = YES;
				GCC_WARN_ABOUT_RETURN_TYPE = YES_ERROR;
				GCC_WARN_UNDECLARED_SELECTOR = YES;
				GCC_WARN_UNINITIALIZED_AUTOS = YES_AGGRESSIVE;
				GCC_WARN_UNUSED_FUNCTION = YES;
				GCC_WARN_UNUSED_VARIABLE = YES;
				IPHONEOS_DEPLOYMENT_TARGET = 16.4;
				MTL_ENABLE_DEBUG_INFO = NO;
				MTL_FAST_MATH = YES;
				SDKROOT = iphoneos;
				SWIFT_COMPILATION_MODE = wholemodule;
				SWIFT_OPTIMIZATION_LEVEL = "-O";
				VALIDATE_PRODUCT = YES;
			};
			name = Release;
		};
		BAD4723D2AD448BC0021323A /* Debug */ = {
			isa = XCBuildConfiguration;
			buildSettings = {
				ASSETCATALOG_COMPILER_APPICON_NAME = AppIcon;
				ASSETCATALOG_COMPILER_GLOBAL_ACCENT_COLOR_NAME = AccentColor;
				CODE_SIGN_STYLE = Automatic;
				CURRENT_PROJECT_VERSION = 1;
				DEVELOPMENT_TEAM = L8JSH46K7X;
				GENERATE_INFOPLIST_FILE = YES;
				INFOPLIST_FILE = TranslateApp/Info.plist;
				INFOPLIST_KEY_UIApplicationSupportsIndirectInputEvents = YES;
				INFOPLIST_KEY_UILaunchStoryboardName = LaunchScreen;
				INFOPLIST_KEY_UISupportedInterfaceOrientations_iPad = "UIInterfaceOrientationPortrait UIInterfaceOrientationPortraitUpsideDown UIInterfaceOrientationLandscapeLeft UIInterfaceOrientationLandscapeRight";
				INFOPLIST_KEY_UISupportedInterfaceOrientations_iPhone = "UIInterfaceOrientationPortrait UIInterfaceOrientationLandscapeLeft UIInterfaceOrientationLandscapeRight";
				IPHONEOS_DEPLOYMENT_TARGET = 16.0;
				LD_RUNPATH_SEARCH_PATHS = (
					"$(inherited)",
					"@executable_path/Frameworks",
				);
				MARKETING_VERSION = 1.0;
				PRODUCT_BUNDLE_IDENTIFIER = com.minhyun219.TranslateApp;
				PRODUCT_NAME = "$(TARGET_NAME)";
				SWIFT_EMIT_LOC_STRINGS = YES;
				SWIFT_VERSION = 5.0;
				TARGETED_DEVICE_FAMILY = "1,2";
			};
			name = Debug;
		};
		BAD4723E2AD448BC0021323A /* Release */ = {
			isa = XCBuildConfiguration;
			buildSettings = {
				ASSETCATALOG_COMPILER_APPICON_NAME = AppIcon;
				ASSETCATALOG_COMPILER_GLOBAL_ACCENT_COLOR_NAME = AccentColor;
				CODE_SIGN_STYLE = Automatic;
				CURRENT_PROJECT_VERSION = 1;
				DEVELOPMENT_TEAM = L8JSH46K7X;
				GENERATE_INFOPLIST_FILE = YES;
				INFOPLIST_FILE = TranslateApp/Info.plist;
				INFOPLIST_KEY_UIApplicationSupportsIndirectInputEvents = YES;
				INFOPLIST_KEY_UILaunchStoryboardName = LaunchScreen;
				INFOPLIST_KEY_UISupportedInterfaceOrientations_iPad = "UIInterfaceOrientationPortrait UIInterfaceOrientationPortraitUpsideDown UIInterfaceOrientationLandscapeLeft UIInterfaceOrientationLandscapeRight";
				INFOPLIST_KEY_UISupportedInterfaceOrientations_iPhone = "UIInterfaceOrientationPortrait UIInterfaceOrientationLandscapeLeft UIInterfaceOrientationLandscapeRight";
				IPHONEOS_DEPLOYMENT_TARGET = 16.0;
				LD_RUNPATH_SEARCH_PATHS = (
					"$(inherited)",
					"@executable_path/Frameworks",
				);
				MARKETING_VERSION = 1.0;
				PRODUCT_BUNDLE_IDENTIFIER = com.minhyun219.TranslateApp;
				PRODUCT_NAME = "$(TARGET_NAME)";
				SWIFT_EMIT_LOC_STRINGS = YES;
				SWIFT_VERSION = 5.0;
				TARGETED_DEVICE_FAMILY = "1,2";
			};
			name = Release;
		};
		BAD472C82ADB9CBD0021323A /* Debug */ = {
			isa = XCBuildConfiguration;
			buildSettings = {
				BUNDLE_LOADER = "$(TEST_HOST)";
				CODE_SIGN_STYLE = Automatic;
				CURRENT_PROJECT_VERSION = 1;
				DEVELOPMENT_TEAM = L8JSH46K7X;
				GENERATE_INFOPLIST_FILE = YES;
				IPHONEOS_DEPLOYMENT_TARGET = 16.4;
				MACOSX_DEPLOYMENT_TARGET = 13.1;
				MARKETING_VERSION = 1.0;
				PRODUCT_BUNDLE_IDENTIFIER = com.minhyun219.TranslateAppTests;
				PRODUCT_NAME = "$(TARGET_NAME)";
				SDKROOT = auto;
				SUPPORTED_PLATFORMS = "iphoneos iphonesimulator macosx";
				SWIFT_EMIT_LOC_STRINGS = NO;
				SWIFT_VERSION = 5.0;
				TARGETED_DEVICE_FAMILY = "1,2";
				TEST_HOST = "$(BUILT_PRODUCTS_DIR)/TranslateApp.app/$(BUNDLE_EXECUTABLE_FOLDER_PATH)/TranslateApp";
			};
			name = Debug;
		};
		BAD472C92ADB9CBD0021323A /* Release */ = {
			isa = XCBuildConfiguration;
			buildSettings = {
				BUNDLE_LOADER = "$(TEST_HOST)";
				CODE_SIGN_STYLE = Automatic;
				CURRENT_PROJECT_VERSION = 1;
				DEVELOPMENT_TEAM = L8JSH46K7X;
				GENERATE_INFOPLIST_FILE = YES;
				IPHONEOS_DEPLOYMENT_TARGET = 16.4;
				MACOSX_DEPLOYMENT_TARGET = 13.1;
				MARKETING_VERSION = 1.0;
				PRODUCT_BUNDLE_IDENTIFIER = com.minhyun219.TranslateAppTests;
				PRODUCT_NAME = "$(TARGET_NAME)";
				SDKROOT = auto;
				SUPPORTED_PLATFORMS = "iphoneos iphonesimulator macosx";
				SWIFT_EMIT_LOC_STRINGS = NO;
				SWIFT_VERSION = 5.0;
				TARGETED_DEVICE_FAMILY = "1,2";
				TEST_HOST = "$(BUILT_PRODUCTS_DIR)/TranslateApp.app/$(BUNDLE_EXECUTABLE_FOLDER_PATH)/TranslateApp";
			};
			name = Release;
		};
/* End XCBuildConfiguration section */

/* Begin XCConfigurationList section */
		BAD472232AD448BA0021323A /* Build configuration list for PBXProject "TranslateApp" */ = {
			isa = XCConfigurationList;
			buildConfigurations = (
				BAD4723A2AD448BC0021323A /* Debug */,
				BAD4723B2AD448BC0021323A /* Release */,
			);
			defaultConfigurationIsVisible = 0;
			defaultConfigurationName = Release;
		};
		BAD4723C2AD448BC0021323A /* Build configuration list for PBXNativeTarget "TranslateApp" */ = {
			isa = XCConfigurationList;
			buildConfigurations = (
				BAD4723D2AD448BC0021323A /* Debug */,
				BAD4723E2AD448BC0021323A /* Release */,
			);
			defaultConfigurationIsVisible = 0;
			defaultConfigurationName = Release;
		};
		BAD472C72ADB9CBD0021323A /* Build configuration list for PBXNativeTarget "TranslateAppTests" */ = {
			isa = XCConfigurationList;
			buildConfigurations = (
				BAD472C82ADB9CBD0021323A /* Debug */,
				BAD472C92ADB9CBD0021323A /* Release */,
			);
			defaultConfigurationIsVisible = 0;
			defaultConfigurationName = Release;
		};
/* End XCConfigurationList section */

/* Begin XCRemoteSwiftPackageReference section */
		BAD472662AD63AA80021323A /* XCRemoteSwiftPackageReference "RxSwift" */ = {
			isa = XCRemoteSwiftPackageReference;
			repositoryURL = "https://github.com/ReactiveX/RxSwift.git";
			requirement = {
				kind = upToNextMajorVersion;
				minimumVersion = 6.0.0;
			};
		};
/* End XCRemoteSwiftPackageReference section */

/* Begin XCSwiftPackageProductDependency section */
		BAD472672AD63AA80021323A /* RxBlocking */ = {
			isa = XCSwiftPackageProductDependency;
			package = BAD472662AD63AA80021323A /* XCRemoteSwiftPackageReference "RxSwift" */;
			productName = RxBlocking;
		};
		BAD472692AD63AA80021323A /* RxCocoa */ = {
			isa = XCSwiftPackageProductDependency;
			package = BAD472662AD63AA80021323A /* XCRemoteSwiftPackageReference "RxSwift" */;
			productName = RxCocoa;
		};
		BAD4726B2AD63AA80021323A /* RxRelay */ = {
			isa = XCSwiftPackageProductDependency;
			package = BAD472662AD63AA80021323A /* XCRemoteSwiftPackageReference "RxSwift" */;
			productName = RxRelay;
		};
		BAD4726D2AD63AA80021323A /* RxSwift */ = {
			isa = XCSwiftPackageProductDependency;
			package = BAD472662AD63AA80021323A /* XCRemoteSwiftPackageReference "RxSwift" */;
			productName = RxSwift;
		};
		BAD472D32ADBAAFE0021323A /* RxBlocking */ = {
			isa = XCSwiftPackageProductDependency;
			package = BAD472662AD63AA80021323A /* XCRemoteSwiftPackageReference "RxSwift" */;
			productName = RxBlocking;
		};
		BAD472D52ADBAAFE0021323A /* RxCocoa */ = {
			isa = XCSwiftPackageProductDependency;
			package = BAD472662AD63AA80021323A /* XCRemoteSwiftPackageReference "RxSwift" */;
			productName = RxCocoa;
		};
		BAD472D72ADBAAFE0021323A /* RxRelay */ = {
			isa = XCSwiftPackageProductDependency;
			package = BAD472662AD63AA80021323A /* XCRemoteSwiftPackageReference "RxSwift" */;
			productName = RxRelay;
		};
		BAD472D92ADBAAFE0021323A /* RxSwift */ = {
			isa = XCSwiftPackageProductDependency;
			package = BAD472662AD63AA80021323A /* XCRemoteSwiftPackageReference "RxSwift" */;
			productName = RxSwift;
		};
/* End XCSwiftPackageProductDependency section */
	};
	rootObject = BAD472202AD448BA0021323A /* Project object */;
}
