// !$*UTF8*$!
{
	archiveVersion = 1;
	classes = {
	};
	objectVersion = 56;
	objects = {

/* Begin PBXBuildFile section */
		BAD4722C2AD448BA0021323A /* AppDelegate.swift in Sources */ = {isa = PBXBuildFile; fileRef = BAD4722B2AD448BA0021323A /* AppDelegate.swift */; };
		BAD4722E2AD448BA0021323A /* SceneDelegate.swift in Sources */ = {isa = PBXBuildFile; fileRef = BAD4722D2AD448BA0021323A /* SceneDelegate.swift */; };
		BAD472302AD448BA0021323A /* MainViewController.swift in Sources */ = {isa = PBXBuildFile; fileRef = BAD4722F2AD448BA0021323A /* MainViewController.swift */; };
		BAD472352AD448BC0021323A /* Assets.xcassets in Resources */ = {isa = PBXBuildFile; fileRef = BAD472342AD448BC0021323A /* Assets.xcassets */; };
		BAD472382AD448BC0021323A /* LaunchScreen.storyboard in Resources */ = {isa = PBXBuildFile; fileRef = BAD472362AD448BC0021323A /* LaunchScreen.storyboard */; };
		BAD472402AD44BA40021323A /* SecretKey.plist in Resources */ = {isa = PBXBuildFile; fileRef = BAD4723F2AD44BA40021323A /* SecretKey.plist */; };
		BAD472462AD44C9E0021323A /* PapagoDTO.swift in Sources */ = {isa = PBXBuildFile; fileRef = BAD472452AD44C9E0021323A /* PapagoDTO.swift */; };
		BAD472482AD44EFD0021323A /* DecodingManager.swift in Sources */ = {isa = PBXBuildFile; fileRef = BAD472472AD44EFD0021323A /* DecodingManager.swift */; };
		BAD4724B2AD44F370021323A /* DecodingError.swift in Sources */ = {isa = PBXBuildFile; fileRef = BAD4724A2AD44F370021323A /* DecodingError.swift */; };
		BAD4724F2AD4506B0021323A /* NetworkManager.swift in Sources */ = {isa = PBXBuildFile; fileRef = BAD4724E2AD4506B0021323A /* NetworkManager.swift */; };
		BAD472512AD450B00021323A /* APIError.swift in Sources */ = {isa = PBXBuildFile; fileRef = BAD472502AD450B00021323A /* APIError.swift */; };
		BAD472532AD451480021323A /* NetworkConfiguration.swift in Sources */ = {isa = PBXBuildFile; fileRef = BAD472522AD451480021323A /* NetworkConfiguration.swift */; };
		BAD472552AD452370021323A /* KeywordArgument.swift in Sources */ = {isa = PBXBuildFile; fileRef = BAD472542AD452370021323A /* KeywordArgument.swift */; };
		BAD472592AD4563D0021323A /* LanguageCode.swift in Sources */ = {isa = PBXBuildFile; fileRef = BAD472582AD4563D0021323A /* LanguageCode.swift */; };
		BAD4725B2AD4EAFC0021323A /* ResultViewController.swift in Sources */ = {isa = PBXBuildFile; fileRef = BAD4725A2AD4EAFC0021323A /* ResultViewController.swift */; };
		BAD4725D2AD4EB550021323A /* RecognizedTextDataSourceType.swift in Sources */ = {isa = PBXBuildFile; fileRef = BAD4725C2AD4EB550021323A /* RecognizedTextDataSourceType.swift */; };
		BAD4725F2AD5664B0021323A /* Input.swift in Sources */ = {isa = PBXBuildFile; fileRef = BAD4725E2AD5664B0021323A /* Input.swift */; };
		BAD472612AD56DD00021323A /* MainViewModel.swift in Sources */ = {isa = PBXBuildFile; fileRef = BAD472602AD56DD00021323A /* MainViewModel.swift */; };
/* End PBXBuildFile section */

/* Begin PBXFileReference section */
		BAD472282AD448BA0021323A /* TranslateApp.app */ = {isa = PBXFileReference; explicitFileType = wrapper.application; includeInIndex = 0; path = TranslateApp.app; sourceTree = BUILT_PRODUCTS_DIR; };
		BAD4722B2AD448BA0021323A /* AppDelegate.swift */ = {isa = PBXFileReference; lastKnownFileType = sourcecode.swift; path = AppDelegate.swift; sourceTree = "<group>"; };
		BAD4722D2AD448BA0021323A /* SceneDelegate.swift */ = {isa = PBXFileReference; lastKnownFileType = sourcecode.swift; path = SceneDelegate.swift; sourceTree = "<group>"; };
		BAD4722F2AD448BA0021323A /* MainViewController.swift */ = {isa = PBXFileReference; lastKnownFileType = sourcecode.swift; path = MainViewController.swift; sourceTree = "<group>"; };
		BAD472342AD448BC0021323A /* Assets.xcassets */ = {isa = PBXFileReference; lastKnownFileType = folder.assetcatalog; path = Assets.xcassets; sourceTree = "<group>"; };
		BAD472372AD448BC0021323A /* Base */ = {isa = PBXFileReference; lastKnownFileType = file.storyboard; name = Base; path = Base.lproj/LaunchScreen.storyboard; sourceTree = "<group>"; };
		BAD472392AD448BC0021323A /* Info.plist */ = {isa = PBXFileReference; lastKnownFileType = text.plist.xml; path = Info.plist; sourceTree = "<group>"; };
		BAD4723F2AD44BA40021323A /* SecretKey.plist */ = {isa = PBXFileReference; lastKnownFileType = text.plist.xml; path = SecretKey.plist; sourceTree = "<group>"; };
		BAD472452AD44C9E0021323A /* PapagoDTO.swift */ = {isa = PBXFileReference; lastKnownFileType = sourcecode.swift; path = PapagoDTO.swift; sourceTree = "<group>"; };
		BAD472472AD44EFD0021323A /* DecodingManager.swift */ = {isa = PBXFileReference; lastKnownFileType = sourcecode.swift; path = DecodingManager.swift; sourceTree = "<group>"; };
		BAD4724A2AD44F370021323A /* DecodingError.swift */ = {isa = PBXFileReference; lastKnownFileType = sourcecode.swift; path = DecodingError.swift; sourceTree = "<group>"; };
		BAD4724E2AD4506B0021323A /* NetworkManager.swift */ = {isa = PBXFileReference; lastKnownFileType = sourcecode.swift; path = NetworkManager.swift; sourceTree = "<group>"; };
		BAD472502AD450B00021323A /* APIError.swift */ = {isa = PBXFileReference; lastKnownFileType = sourcecode.swift; path = APIError.swift; sourceTree = "<group>"; };
		BAD472522AD451480021323A /* NetworkConfiguration.swift */ = {isa = PBXFileReference; lastKnownFileType = sourcecode.swift; path = NetworkConfiguration.swift; sourceTree = "<group>"; };
		BAD472542AD452370021323A /* KeywordArgument.swift */ = {isa = PBXFileReference; lastKnownFileType = sourcecode.swift; path = KeywordArgument.swift; sourceTree = "<group>"; };
		BAD472582AD4563D0021323A /* LanguageCode.swift */ = {isa = PBXFileReference; lastKnownFileType = sourcecode.swift; path = LanguageCode.swift; sourceTree = "<group>"; };
		BAD4725A2AD4EAFC0021323A /* ResultViewController.swift */ = {isa = PBXFileReference; lastKnownFileType = sourcecode.swift; path = ResultViewController.swift; sourceTree = "<group>"; };
		BAD4725C2AD4EB550021323A /* RecognizedTextDataSourceType.swift */ = {isa = PBXFileReference; lastKnownFileType = sourcecode.swift; path = RecognizedTextDataSourceType.swift; sourceTree = "<group>"; };
		BAD4725E2AD5664B0021323A /* Input.swift */ = {isa = PBXFileReference; lastKnownFileType = sourcecode.swift; path = Input.swift; sourceTree = "<group>"; };
		BAD472602AD56DD00021323A /* MainViewModel.swift */ = {isa = PBXFileReference; lastKnownFileType = sourcecode.swift; path = MainViewModel.swift; sourceTree = "<group>"; };
/* End PBXFileReference section */

/* Begin PBXFrameworksBuildPhase section */
		BAD472252AD448BA0021323A /* Frameworks */ = {
			isa = PBXFrameworksBuildPhase;
			buildActionMask = 2147483647;
			files = (
			);
			runOnlyForDeploymentPostprocessing = 0;
		};
/* End PBXFrameworksBuildPhase section */

/* Begin PBXGroup section */
		BAD4721F2AD448BA0021323A = {
			isa = PBXGroup;
			children = (
				BAD4722A2AD448BA0021323A /* TranslateApp */,
				BAD472292AD448BA0021323A /* Products */,
			);
			sourceTree = "<group>";
		};
		BAD472292AD448BA0021323A /* Products */ = {
			isa = PBXGroup;
			children = (
				BAD472282AD448BA0021323A /* TranslateApp.app */,
			);
			name = Products;
			sourceTree = "<group>";
		};
		BAD4722A2AD448BA0021323A /* TranslateApp */ = {
			isa = PBXGroup;
			children = (
				BAD472412AD44C3E0021323A /* App */,
				BAD472432AD44C540021323A /* Model */,
				BAD472422AD44C470021323A /* Network */,
				BAD4724D2AD44F6B0021323A /* Utility */,
				BAD472492AD44F180021323A /* Error */,
				BAD4724C2AD44F460021323A /* View */,
				BAD472342AD448BC0021323A /* Assets.xcassets */,
				BAD472362AD448BC0021323A /* LaunchScreen.storyboard */,
				BAD472392AD448BC0021323A /* Info.plist */,
				BAD4723F2AD44BA40021323A /* SecretKey.plist */,
			);
			path = TranslateApp;
			sourceTree = "<group>";
		};
		BAD472412AD44C3E0021323A /* App */ = {
			isa = PBXGroup;
			children = (
				BAD4722B2AD448BA0021323A /* AppDelegate.swift */,
				BAD4722D2AD448BA0021323A /* SceneDelegate.swift */,
			);
			path = App;
			sourceTree = "<group>";
		};
		BAD472422AD44C470021323A /* Network */ = {
			isa = PBXGroup;
			children = (
				BAD4724E2AD4506B0021323A /* NetworkManager.swift */,
				BAD472522AD451480021323A /* NetworkConfiguration.swift */,
			);
			path = Network;
			sourceTree = "<group>";
		};
		BAD472432AD44C540021323A /* Model */ = {
			isa = PBXGroup;
			children = (
				BAD472442AD44C8F0021323A /* DTO */,
			);
			path = Model;
			sourceTree = "<group>";
		};
		BAD472442AD44C8F0021323A /* DTO */ = {
			isa = PBXGroup;
			children = (
				BAD472452AD44C9E0021323A /* PapagoDTO.swift */,
			);
			path = DTO;
			sourceTree = "<group>";
		};
		BAD472492AD44F180021323A /* Error */ = {
			isa = PBXGroup;
			children = (
				BAD4724A2AD44F370021323A /* DecodingError.swift */,
				BAD472502AD450B00021323A /* APIError.swift */,
			);
			path = Error;
			sourceTree = "<group>";
		};
		BAD4724C2AD44F460021323A /* View */ = {
			isa = PBXGroup;
			children = (
				BAD4722F2AD448BA0021323A /* MainViewController.swift */,
				BAD4725A2AD4EAFC0021323A /* ResultViewController.swift */,
				BAD4725C2AD4EB550021323A /* RecognizedTextDataSourceType.swift */,
				BAD472602AD56DD00021323A /* MainViewModel.swift */,
			);
			path = View;
			sourceTree = "<group>";
		};
		BAD4724D2AD44F6B0021323A /* Utility */ = {
			isa = PBXGroup;
			children = (
				BAD472472AD44EFD0021323A /* DecodingManager.swift */,
				BAD472542AD452370021323A /* KeywordArgument.swift */,
				BAD472582AD4563D0021323A /* LanguageCode.swift */,
				BAD4725E2AD5664B0021323A /* Input.swift */,
			);
			path = Utility;
			sourceTree = "<group>";
		};
/* End PBXGroup section */

/* Begin PBXNativeTarget section */
		BAD472272AD448BA0021323A /* TranslateApp */ = {
			isa = PBXNativeTarget;
			buildConfigurationList = BAD4723C2AD448BC0021323A /* Build configuration list for PBXNativeTarget "TranslateApp" */;
			buildPhases = (
				BAD472242AD448BA0021323A /* Sources */,
				BAD472252AD448BA0021323A /* Frameworks */,
				BAD472262AD448BA0021323A /* Resources */,
			);
			buildRules = (
			);
			dependencies = (
			);
			name = TranslateApp;
			productName = TranslateApp;
			productReference = BAD472282AD448BA0021323A /* TranslateApp.app */;
			productType = "com.apple.product-type.application";
		};
/* End PBXNativeTarget section */

/* Begin PBXProject section */
		BAD472202AD448BA0021323A /* Project object */ = {
			isa = PBXProject;
			attributes = {
				BuildIndependentTargetsInParallel = 1;
				LastSwiftUpdateCheck = 1430;
				LastUpgradeCheck = 1430;
				TargetAttributes = {
					BAD472272AD448BA0021323A = {
						CreatedOnToolsVersion = 14.3.1;
					};
				};
			};
			buildConfigurationList = BAD472232AD448BA0021323A /* Build configuration list for PBXProject "TranslateApp" */;
			compatibilityVersion = "Xcode 14.0";
			developmentRegion = en;
			hasScannedForEncodings = 0;
			knownRegions = (
				en,
				Base,
			);
			mainGroup = BAD4721F2AD448BA0021323A;
			productRefGroup = BAD472292AD448BA0021323A /* Products */;
			projectDirPath = "";
			projectRoot = "";
			targets = (
				BAD472272AD448BA0021323A /* TranslateApp */,
			);
		};
/* End PBXProject section */

/* Begin PBXResourcesBuildPhase section */
		BAD472262AD448BA0021323A /* Resources */ = {
			isa = PBXResourcesBuildPhase;
			buildActionMask = 2147483647;
			files = (
				BAD472382AD448BC0021323A /* LaunchScreen.storyboard in Resources */,
				BAD472402AD44BA40021323A /* SecretKey.plist in Resources */,
				BAD472352AD448BC0021323A /* Assets.xcassets in Resources */,
			);
			runOnlyForDeploymentPostprocessing = 0;
		};
/* End PBXResourcesBuildPhase section */

/* Begin PBXSourcesBuildPhase section */
		BAD472242AD448BA0021323A /* Sources */ = {
			isa = PBXSourcesBuildPhase;
			buildActionMask = 2147483647;
			files = (
				BAD4725F2AD5664B0021323A /* Input.swift in Sources */,
				BAD472552AD452370021323A /* KeywordArgument.swift in Sources */,
				BAD4725D2AD4EB550021323A /* RecognizedTextDataSourceType.swift in Sources */,
				BAD472462AD44C9E0021323A /* PapagoDTO.swift in Sources */,
				BAD472302AD448BA0021323A /* MainViewController.swift in Sources */,
				BAD472612AD56DD00021323A /* MainViewModel.swift in Sources */,
				BAD4722C2AD448BA0021323A /* AppDelegate.swift in Sources */,
				BAD472592AD4563D0021323A /* LanguageCode.swift in Sources */,
				BAD4724F2AD4506B0021323A /* NetworkManager.swift in Sources */,
				BAD4724B2AD44F370021323A /* DecodingError.swift in Sources */,
				BAD472532AD451480021323A /* NetworkConfiguration.swift in Sources */,
				BAD472512AD450B00021323A /* APIError.swift in Sources */,
				BAD472482AD44EFD0021323A /* DecodingManager.swift in Sources */,
				BAD4722E2AD448BA0021323A /* SceneDelegate.swift in Sources */,
				BAD4725B2AD4EAFC0021323A /* ResultViewController.swift in Sources */,
			);
			runOnlyForDeploymentPostprocessing = 0;
		};
/* End PBXSourcesBuildPhase section */

/* Begin PBXVariantGroup section */
		BAD472362AD448BC0021323A /* LaunchScreen.storyboard */ = {
			isa = PBXVariantGroup;
			children = (
				BAD472372AD448BC0021323A /* Base */,
			);
			name = LaunchScreen.storyboard;
			sourceTree = "<group>";
		};
/* End PBXVariantGroup section */

/* Begin XCBuildConfiguration section */
		BAD4723A2AD448BC0021323A /* Debug */ = {
			isa = XCBuildConfiguration;
			buildSettings = {
				ALWAYS_SEARCH_USER_PATHS = NO;
				CLANG_ANALYZER_NONNULL = YES;
				CLANG_ANALYZER_NUMBER_OBJECT_CONVERSION = YES_AGGRESSIVE;
				CLANG_CXX_LANGUAGE_STANDARD = "gnu++20";
				CLANG_ENABLE_MODULES = YES;
				CLANG_ENABLE_OBJC_ARC = YES;
				CLANG_ENABLE_OBJC_WEAK = YES;
				CLANG_WARN_BLOCK_CAPTURE_AUTORELEASING = YES;
				CLANG_WARN_BOOL_CONVERSION = YES;
				CLANG_WARN_COMMA = YES;
				CLANG_WARN_CONSTANT_CONVERSION = YES;
				CLANG_WARN_DEPRECATED_OBJC_IMPLEMENTATIONS = YES;
				CLANG_WARN_DIRECT_OBJC_ISA_USAGE = YES_ERROR;
				CLANG_WARN_DOCUMENTATION_COMMENTS = YES;
				CLANG_WARN_EMPTY_BODY = YES;
				CLANG_WARN_ENUM_CONVERSION = YES;
				CLANG_WARN_INFINITE_RECURSION = YES;
				CLANG_WARN_INT_CONVERSION = YES;
				CLANG_WARN_NON_LITERAL_NULL_CONVERSION = YES;
				CLANG_WARN_OBJC_IMPLICIT_RETAIN_SELF = YES;
				CLANG_WARN_OBJC_LITERAL_CONVERSION = YES;
				CLANG_WARN_OBJC_ROOT_CLASS = YES_ERROR;
				CLANG_WARN_QUOTED_INCLUDE_IN_FRAMEWORK_HEADER = YES;
				CLANG_WARN_RANGE_LOOP_ANALYSIS = YES;
				CLANG_WARN_STRICT_PROTOTYPES = YES;
				CLANG_WARN_SUSPICIOUS_MOVE = YES;
				CLANG_WARN_UNGUARDED_AVAILABILITY = YES_AGGRESSIVE;
				CLANG_WARN_UNREACHABLE_CODE = YES;
				CLANG_WARN__DUPLICATE_METHOD_MATCH = YES;
				COPY_PHASE_STRIP = NO;
				DEBUG_INFORMATION_FORMAT = dwarf;
				ENABLE_STRICT_OBJC_MSGSEND = YES;
				ENABLE_TESTABILITY = YES;
				GCC_C_LANGUAGE_STANDARD = gnu11;
				GCC_DYNAMIC_NO_PIC = NO;
				GCC_NO_COMMON_BLOCKS = YES;
				GCC_OPTIMIZATION_LEVEL = 0;
				GCC_PREPROCESSOR_DEFINITIONS = (
					"DEBUG=1",
					"$(inherited)",
				);
				GCC_WARN_64_TO_32_BIT_CONVERSION = YES;
				GCC_WARN_ABOUT_RETURN_TYPE = YES_ERROR;
				GCC_WARN_UNDECLARED_SELECTOR = YES;
				GCC_WARN_UNINITIALIZED_AUTOS = YES_AGGRESSIVE;
				GCC_WARN_UNUSED_FUNCTION = YES;
				GCC_WARN_UNUSED_VARIABLE = YES;
				IPHONEOS_DEPLOYMENT_TARGET = 16.4;
				MTL_ENABLE_DEBUG_INFO = INCLUDE_SOURCE;
				MTL_FAST_MATH = YES;
				ONLY_ACTIVE_ARCH = YES;
				SDKROOT = iphoneos;
				SWIFT_ACTIVE_COMPILATION_CONDITIONS = DEBUG;
				SWIFT_OPTIMIZATION_LEVEL = "-Onone";
			};
			name = Debug;
		};
		BAD4723B2AD448BC0021323A /* Release */ = {
			isa = XCBuildConfiguration;
			buildSettings = {
				ALWAYS_SEARCH_USER_PATHS = NO;
				CLANG_ANALYZER_NONNULL = YES;
				CLANG_ANALYZER_NUMBER_OBJECT_CONVERSION = YES_AGGRESSIVE;
				CLANG_CXX_LANGUAGE_STANDARD = "gnu++20";
				CLANG_ENABLE_MODULES = YES;
				CLANG_ENABLE_OBJC_ARC = YES;
				CLANG_ENABLE_OBJC_WEAK = YES;
				CLANG_WARN_BLOCK_CAPTURE_AUTORELEASING = YES;
				CLANG_WARN_BOOL_CONVERSION = YES;
				CLANG_WARN_COMMA = YES;
				CLANG_WARN_CONSTANT_CONVERSION = YES;
				CLANG_WARN_DEPRECATED_OBJC_IMPLEMENTATIONS = YES;
				CLANG_WARN_DIRECT_OBJC_ISA_USAGE = YES_ERROR;
				CLANG_WARN_DOCUMENTATION_COMMENTS = YES;
				CLANG_WARN_EMPTY_BODY = YES;
				CLANG_WARN_ENUM_CONVERSION = YES;
				CLANG_WARN_INFINITE_RECURSION = YES;
				CLANG_WARN_INT_CONVERSION = YES;
				CLANG_WARN_NON_LITERAL_NULL_CONVERSION = YES;
				CLANG_WARN_OBJC_IMPLICIT_RETAIN_SELF = YES;
				CLANG_WARN_OBJC_LITERAL_CONVERSION = YES;
				CLANG_WARN_OBJC_ROOT_CLASS = YES_ERROR;
				CLANG_WARN_QUOTED_INCLUDE_IN_FRAMEWORK_HEADER = YES;
				CLANG_WARN_RANGE_LOOP_ANALYSIS = YES;
				CLANG_WARN_STRICT_PROTOTYPES = YES;
				CLANG_WARN_SUSPICIOUS_MOVE = YES;
				CLANG_WARN_UNGUARDED_AVAILABILITY = YES_AGGRESSIVE;
				CLANG_WARN_UNREACHABLE_CODE = YES;
				CLANG_WARN__DUPLICATE_METHOD_MATCH = YES;
				COPY_PHASE_STRIP = NO;
				DEBUG_INFORMATION_FORMAT = "dwarf-with-dsym";
				ENABLE_NS_ASSERTIONS = NO;
				ENABLE_STRICT_OBJC_MSGSEND = YES;
				GCC_C_LANGUAGE_STANDARD = gnu11;
				GCC_NO_COMMON_BLOCKS = YES;
				GCC_WARN_64_TO_32_BIT_CONVERSION = YES;
				GCC_WARN_ABOUT_RETURN_TYPE = YES_ERROR;
				GCC_WARN_UNDECLARED_SELECTOR = YES;
				GCC_WARN_UNINITIALIZED_AUTOS = YES_AGGRESSIVE;
				GCC_WARN_UNUSED_FUNCTION = YES;
				GCC_WARN_UNUSED_VARIABLE = YES;
				IPHONEOS_DEPLOYMENT_TARGET = 16.4;
				MTL_ENABLE_DEBUG_INFO = NO;
				MTL_FAST_MATH = YES;
				SDKROOT = iphoneos;
				SWIFT_COMPILATION_MODE = wholemodule;
				SWIFT_OPTIMIZATION_LEVEL = "-O";
				VALIDATE_PRODUCT = YES;
			};
			name = Release;
		};
		BAD4723D2AD448BC0021323A /* Debug */ = {
			isa = XCBuildConfiguration;
			buildSettings = {
				ASSETCATALOG_COMPILER_APPICON_NAME = AppIcon;
				ASSETCATALOG_COMPILER_GLOBAL_ACCENT_COLOR_NAME = AccentColor;
				CODE_SIGN_STYLE = Automatic;
				CURRENT_PROJECT_VERSION = 1;
				DEVELOPMENT_TEAM = L8JSH46K7X;
				GENERATE_INFOPLIST_FILE = YES;
				INFOPLIST_FILE = TranslateApp/Info.plist;
				INFOPLIST_KEY_UIApplicationSupportsIndirectInputEvents = YES;
				INFOPLIST_KEY_UILaunchStoryboardName = LaunchScreen;
				INFOPLIST_KEY_UISupportedInterfaceOrientations_iPad = "UIInterfaceOrientationPortrait UIInterfaceOrientationPortraitUpsideDown UIInterfaceOrientationLandscapeLeft UIInterfaceOrientationLandscapeRight";
				INFOPLIST_KEY_UISupportedInterfaceOrientations_iPhone = "UIInterfaceOrientationPortrait UIInterfaceOrientationLandscapeLeft UIInterfaceOrientationLandscapeRight";
				IPHONEOS_DEPLOYMENT_TARGET = 16.0;
				LD_RUNPATH_SEARCH_PATHS = (
					"$(inherited)",
					"@executable_path/Frameworks",
				);
				MARKETING_VERSION = 1.0;
				PRODUCT_BUNDLE_IDENTIFIER = com.minhyun219.TranslateApp;
				PRODUCT_NAME = "$(TARGET_NAME)";
				SWIFT_EMIT_LOC_STRINGS = YES;
				SWIFT_VERSION = 5.0;
				TARGETED_DEVICE_FAMILY = "1,2";
			};
			name = Debug;
		};
		BAD4723E2AD448BC0021323A /* Release */ = {
			isa = XCBuildConfiguration;
			buildSettings = {
				ASSETCATALOG_COMPILER_APPICON_NAME = AppIcon;
				ASSETCATALOG_COMPILER_GLOBAL_ACCENT_COLOR_NAME = AccentColor;
				CODE_SIGN_STYLE = Automatic;
				CURRENT_PROJECT_VERSION = 1;
				DEVELOPMENT_TEAM = L8JSH46K7X;
				GENERATE_INFOPLIST_FILE = YES;
				INFOPLIST_FILE = TranslateApp/Info.plist;
				INFOPLIST_KEY_UIApplicationSupportsIndirectInputEvents = YES;
				INFOPLIST_KEY_UILaunchStoryboardName = LaunchScreen;
				INFOPLIST_KEY_UISupportedInterfaceOrientations_iPad = "UIInterfaceOrientationPortrait UIInterfaceOrientationPortraitUpsideDown UIInterfaceOrientationLandscapeLeft UIInterfaceOrientationLandscapeRight";
				INFOPLIST_KEY_UISupportedInterfaceOrientations_iPhone = "UIInterfaceOrientationPortrait UIInterfaceOrientationLandscapeLeft UIInterfaceOrientationLandscapeRight";
				IPHONEOS_DEPLOYMENT_TARGET = 16.0;
				LD_RUNPATH_SEARCH_PATHS = (
					"$(inherited)",
					"@executable_path/Frameworks",
				);
				MARKETING_VERSION = 1.0;
				PRODUCT_BUNDLE_IDENTIFIER = com.minhyun219.TranslateApp;
				PRODUCT_NAME = "$(TARGET_NAME)";
				SWIFT_EMIT_LOC_STRINGS = YES;
				SWIFT_VERSION = 5.0;
				TARGETED_DEVICE_FAMILY = "1,2";
			};
			name = Release;
		};
/* End XCBuildConfiguration section */

/* Begin XCConfigurationList section */
		BAD472232AD448BA0021323A /* Build configuration list for PBXProject "TranslateApp" */ = {
			isa = XCConfigurationList;
			buildConfigurations = (
				BAD4723A2AD448BC0021323A /* Debug */,
				BAD4723B2AD448BC0021323A /* Release */,
			);
			defaultConfigurationIsVisible = 0;
			defaultConfigurationName = Release;
		};
		BAD4723C2AD448BC0021323A /* Build configuration list for PBXNativeTarget "TranslateApp" */ = {
			isa = XCConfigurationList;
			buildConfigurations = (
				BAD4723D2AD448BC0021323A /* Debug */,
				BAD4723E2AD448BC0021323A /* Release */,
			);
			defaultConfigurationIsVisible = 0;
			defaultConfigurationName = Release;
		};
/* End XCConfigurationList section */
	};
	rootObject = BAD472202AD448BA0021323A /* Project object */;
}
